Microsoft Visual Studio Solution File, Format Version 11.00
# Visual Studio 2008

Project("{86AC16A0-F049-2FA8-6065-6B7A6370D1A0}") = "VR-Headtracking-Accelerometer", "Assembly-CSharp-firstpass.csproj", "{F220CF0E-650C-D4A5-2C8F-95E903AB31E1}"
EndProject
Project("{86AC16A0-F049-2FA8-6065-6B7A6370D1A0}") = "VR-Headtracking-Accelerometer", "Assembly-CSharp.csproj", "{C1744886-DF34-0FD7-DBF3-BA983521E0FC}"
EndProject
Project("{86AC16A0-F049-2FA8-6065-6B7A6370D1A0}") = "VR-Headtracking-Accelerometer", "Assembly-CSharp-Editor.csproj", "{9CD629E2-E076-9AAF-87B0-FC40E10714E9}"
EndProject
Global
	GlobalSection(SolutionConfigurationPlatforms) = preSolution
		Debug|Any CPU = Debug|Any CPU
		Release|Any CPU = Release|Any CPU
	EndGlobalSection
	GlobalSection(ProjectConfigurationPlatforms) = postSolution
		{F220CF0E-650C-D4A5-2C8F-95E903AB31E1}.Debug|Any CPU.ActiveCfg = Debug|Any CPU
		{F220CF0E-650C-D4A5-2C8F-95E903AB31E1}.Debug|Any CPU.Build.0 = Debug|Any CPU
		{F220CF0E-650C-D4A5-2C8F-95E903AB31E1}.Release|Any CPU.ActiveCfg = Release|Any CPU
		{F220CF0E-650C-D4A5-2C8F-95E903AB31E1}.Release|Any CPU.Build.0 = Release|Any CPU
		{C1744886-DF34-0FD7-DBF3-BA983521E0FC}.Debug|Any CPU.ActiveCfg = Debug|Any CPU
		{C1744886-DF34-0FD7-DBF3-BA983521E0FC}.Debug|Any CPU.Build.0 = Debug|Any CPU
		{C1744886-DF34-0FD7-DBF3-BA983521E0FC}.Release|Any CPU.ActiveCfg = Release|Any CPU
		{C1744886-DF34-0FD7-DBF3-BA983521E0FC}.Release|Any CPU.Build.0 = Release|Any CPU
		{9CD629E2-E076-9AAF-87B0-FC40E10714E9}.Debug|Any CPU.ActiveCfg = Debug|Any CPU
		{9CD629E2-E076-9AAF-87B0-FC40E10714E9}.Debug|Any CPU.Build.0 = Debug|Any CPU
		{9CD629E2-E076-9AAF-87B0-FC40E10714E9}.Release|Any CPU.ActiveCfg = Release|Any CPU
		{9CD629E2-E076-9AAF-87B0-FC40E10714E9}.Release|Any CPU.Build.0 = Release|Any CPU
	EndGlobalSection
	GlobalSection(SolutionProperties) = preSolution
		HideSolutionNode = FALSE
	EndGlobalSection
			GlobalSection(MonoDevelopProperties) = preSolution
		StartupItem = Assembly-CSharp.csproj
		Policies = $0
		$0.TextStylePolicy = $1
		$1.inheritsSet = null
		$1.scope = text/x-csharp
		$0.CSharpFormattingPolicy = $2
		$2.inheritsSet = Mono
		$2.inheritsScope = text/x-csharp
		$2.scope = text/x-csharp
		$0.TextStylePolicy = $3
		$3.FileWidth = 120
		$3.TabWidth = 4
		$3.IndentWidth = 4
		$3.EolMarker = Unix
		$3.inheritsSet = Mono
		$3.inheritsScope = text/plain
		$3.scope = text/plain
	EndGlobalSection

EndGlobal
